
Microsoft Visual Studio Solution File, Format Version 12.00
# Visual Studio Version 17
VisualStudioVersion = 17.9.34723.18
MinimumVisualStudioVersion = 10.0.40219.1
Project("{FAE04EC0-301F-11D3-BF4B-00C04F79EFBC}") = "Kliens-RAPC9Y-Backend", "Kliens-RAPC9Y-Backend\Kliens-RAPC9Y-Backend.csproj", "{33124E4F-F36F-42C0-BB94-45515CAC7BFC}"
EndProject
Global
	GlobalSection(SolutionConfigurationPlatforms) = preSolution
		Debug|Any CPU = Debug|Any CPU
		Release|Any CPU = Release|Any CPU
	EndGlobalSection
	GlobalSection(ProjectConfigurationPlatforms) = postSolution
		{33124E4F-F36F-42C0-BB94-45515CAC7BFC}.Debug|Any CPU.ActiveCfg = Debug|Any CPU
		{33124E4F-F36F-42C0-BB94-45515CAC7BFC}.Debug|Any CPU.Build.0 = Debug|Any CPU
		{33124E4F-F36F-42C0-BB94-45515CAC7BFC}.Release|Any CPU.ActiveCfg = Release|Any CPU
		{33124E4F-F36F-42C0-BB94-45515CAC7BFC}.Release|Any CPU.Build.0 = Release|Any CPU
	EndGlobalSection
	GlobalSection(SolutionProperties) = preSolution
		HideSolutionNode = FALSE
	EndGlobalSection
	GlobalSection(ExtensibilityGlobals) = postSolution
		SolutionGuid = {433518A3-8087-4B41-AB35-487E7585B0F8}
	EndGlobalSection
EndGlobal
